
Microsoft Visual Studio Solution File, Format Version 12.00
Project("{FAE04EC0-301F-11D3-BF4B-00C04F79EFBC}") = "TextMatch", "TextMatch\TextMatch.csproj", "{077497EB-3ED7-4FAF-9F00-3277A4BA2C8A}"
EndProject
Project("{FAE04EC0-301F-11D3-BF4B-00C04F79EFBC}") = "TextMach.Test", "TextMach.Test\TextMach.Test.csproj", "{975FFD68-D9A3-4FF2-B257-1EA3297EE645}"
EndProject
Global
	GlobalSection(SolutionConfigurationPlatforms) = preSolution
		Debug|Any CPU = Debug|Any CPU
		Release|Any CPU = Release|Any CPU
	EndGlobalSection
	GlobalSection(ProjectConfigurationPlatforms) = postSolution
		{077497EB-3ED7-4FAF-9F00-3277A4BA2C8A}.Debug|Any CPU.ActiveCfg = Debug|Any CPU
		{077497EB-3ED7-4FAF-9F00-3277A4BA2C8A}.Debug|Any CPU.Build.0 = Debug|Any CPU
		{077497EB-3ED7-4FAF-9F00-3277A4BA2C8A}.Release|Any CPU.ActiveCfg = Release|Any CPU
		{077497EB-3ED7-4FAF-9F00-3277A4BA2C8A}.Release|Any CPU.Build.0 = Release|Any CPU
		{975FFD68-D9A3-4FF2-B257-1EA3297EE645}.Debug|Any CPU.ActiveCfg = Debug|Any CPU
		{975FFD68-D9A3-4FF2-B257-1EA3297EE645}.Debug|Any CPU.Build.0 = Debug|Any CPU
		{975FFD68-D9A3-4FF2-B257-1EA3297EE645}.Release|Any CPU.ActiveCfg = Release|Any CPU
		{975FFD68-D9A3-4FF2-B257-1EA3297EE645}.Release|Any CPU.Build.0 = Release|Any CPU
	EndGlobalSection
EndGlobal
